github.com/orcaman/concurrent-map v0.0.0-20171024154251-d4c23bd0e011 h1:qx1AkmcnRVdPRb0gSuN7GtJ9OnxOMaedVo6GEJT2zr8=
github.com/orcaman/concurrent-map v0.0.0-20171024154251-d4c23bd0e011/go.mod h1:Lu3tH6HLW3feq74c2GC+jIMS/K2CFcDWnWD9XkenwhI=
github.com/orcaman/concurrent-map v0.0.0-20210501183033-44dafcb38ecc h1:Ak86L+yDSOzKFa7WM5bf5itSOo1e3Xh8bm5YCMUXIjQ=
github.com/orcaman/concurrent-map v0.0.0-20210501183033-44dafcb38ecc/go.mod h1:Lu3tH6HLW3feq74c2GC+jIMS/K2CFcDWnWD9XkenwhI=
