# This file is autogenerated, do not edit; changes may be undone by the next 'dep ensure'.


[[projects]]
  branch = "master"
  name = "github.com/orcaman/concurrent-map"
  packages = ["."]
  revision = "d4c23bd0e01134806215ffe65ba3fd22ec6721f7"

[solve-meta]
  analyzer-name = "dep"
  analyzer-version = 1
  inputs-digest = "4841bca8aedc3434a3dc9b9cba24045ae62de4ba1a3c4c4ecf92f64b78b6a35d"
  solver-name = "gps-cdcl"
  solver-version = 1
